
Microsoft Visual Studio Solution File, Format Version 12.00
# Visual Studio Version 17
VisualStudioVersion = 17.6.33829.357
MinimumVisualStudioVersion = 10.0.40219.1
Project("{FAE04EC0-301F-11D3-BF4B-00C04F79EFBC}") = "CalculadoraForms", "CalculadoraForms\CalculadoraForms.csproj", "{D078C245-14A5-417D-A74A-A4BB81512F86}"
EndProject
Global
	GlobalSection(SolutionConfigurationPlatforms) = preSolution
		Debug|Any CPU = Debug|Any CPU
		Release|Any CPU = Release|Any CPU
	EndGlobalSection
	GlobalSection(ProjectConfigurationPlatforms) = postSolution
		{D078C245-14A5-417D-A74A-A4BB81512F86}.Debug|Any CPU.ActiveCfg = Debug|Any CPU
		{D078C245-14A5-417D-A74A-A4BB81512F86}.Debug|Any CPU.Build.0 = Debug|Any CPU
		{D078C245-14A5-417D-A74A-A4BB81512F86}.Release|Any CPU.ActiveCfg = Release|Any CPU
		{D078C245-14A5-417D-A74A-A4BB81512F86}.Release|Any CPU.Build.0 = Release|Any CPU
	EndGlobalSection
	GlobalSection(SolutionProperties) = preSolution
		HideSolutionNode = FALSE
	EndGlobalSection
	GlobalSection(ExtensibilityGlobals) = postSolution
		SolutionGuid = {8E85BCF1-A4E1-495F-AF92-24F72E389D63}
	EndGlobalSection
EndGlobal
